
Microsoft Visual Studio Solution File, Format Version 12.00
# Visual Studio 15
VisualStudioVersion = 15.0.28010.2046
MinimumVisualStudioVersion = 10.0.40219.1
Project("{8BC9CEB8-8B4A-11D0-8D11-00A0C91BC942}") = "ArknoidECS", "ArknoidECS\ArknoidECS.vcxproj", "{A0DFCACE-C6DD-491B-8873-3F346F7342CB}"
EndProject
Project("{8BC9CEB8-8B4A-11D0-8D11-00A0C91BC942}") = "ArknoidTest", "ArknoidTest\ArknoidTest.vcxproj", "{028AABC5-2FE1-4081-A818-B2C25990605A}"
EndProject
Project("{8BC9CEB8-8B4A-11D0-8D11-00A0C91BC942}") = "ArknoidApp", "ArknoidApp\ArknoidApp.vcxproj", "{E938508F-24C6-46F3-90F3-1BC58CAF567F}"
EndProject
Global
	GlobalSection(SolutionConfigurationPlatforms) = preSolution
		Debug|x64 = Debug|x64
		Debug|x86 = Debug|x86
		Release|x64 = Release|x64
		Release|x86 = Release|x86
	EndGlobalSection
	GlobalSection(ProjectConfigurationPlatforms) = postSolution
		{A0DFCACE-C6DD-491B-8873-3F346F7342CB}.Debug|x64.ActiveCfg = Debug|x64
		{A0DFCACE-C6DD-491B-8873-3F346F7342CB}.Debug|x64.Build.0 = Debug|x64
		{A0DFCACE-C6DD-491B-8873-3F346F7342CB}.Debug|x86.ActiveCfg = Debug|Win32
		{A0DFCACE-C6DD-491B-8873-3F346F7342CB}.Debug|x86.Build.0 = Debug|Win32
		{A0DFCACE-C6DD-491B-8873-3F346F7342CB}.Release|x64.ActiveCfg = Release|x64
		{A0DFCACE-C6DD-491B-8873-3F346F7342CB}.Release|x64.Build.0 = Release|x64
		{A0DFCACE-C6DD-491B-8873-3F346F7342CB}.Release|x86.ActiveCfg = Release|Win32
		{A0DFCACE-C6DD-491B-8873-3F346F7342CB}.Release|x86.Build.0 = Release|Win32
		{028AABC5-2FE1-4081-A818-B2C25990605A}.Debug|x64.ActiveCfg = Debug|x64
		{028AABC5-2FE1-4081-A818-B2C25990605A}.Debug|x64.Build.0 = Debug|x64
		{028AABC5-2FE1-4081-A818-B2C25990605A}.Debug|x86.ActiveCfg = Debug|Win32
		{028AABC5-2FE1-4081-A818-B2C25990605A}.Debug|x86.Build.0 = Debug|Win32
		{028AABC5-2FE1-4081-A818-B2C25990605A}.Release|x64.ActiveCfg = Release|x64
		{028AABC5-2FE1-4081-A818-B2C25990605A}.Release|x64.Build.0 = Release|x64
		{028AABC5-2FE1-4081-A818-B2C25990605A}.Release|x86.ActiveCfg = Release|Win32
		{028AABC5-2FE1-4081-A818-B2C25990605A}.Release|x86.Build.0 = Release|Win32
		{E938508F-24C6-46F3-90F3-1BC58CAF567F}.Debug|x64.ActiveCfg = Debug|x64
		{E938508F-24C6-46F3-90F3-1BC58CAF567F}.Debug|x64.Build.0 = Debug|x64
		{E938508F-24C6-46F3-90F3-1BC58CAF567F}.Debug|x86.ActiveCfg = Debug|Win32
		{E938508F-24C6-46F3-90F3-1BC58CAF567F}.Debug|x86.Build.0 = Debug|Win32
		{E938508F-24C6-46F3-90F3-1BC58CAF567F}.Release|x64.ActiveCfg = Release|x64
		{E938508F-24C6-46F3-90F3-1BC58CAF567F}.Release|x64.Build.0 = Release|x64
		{E938508F-24C6-46F3-90F3-1BC58CAF567F}.Release|x86.ActiveCfg = Release|Win32
		{E938508F-24C6-46F3-90F3-1BC58CAF567F}.Release|x86.Build.0 = Release|Win32
	EndGlobalSection
	GlobalSection(SolutionProperties) = preSolution
		HideSolutionNode = FALSE
	EndGlobalSection
	GlobalSection(ExtensibilityGlobals) = postSolution
		SolutionGuid = {14AD1791-2E04-4FFD-9EF4-9B46A0815198}
	EndGlobalSection
EndGlobal
